# THIS IS AN AUTOGENERATED FILE. DO NOT EDIT THIS FILE DIRECTLY.
# yarn lockfile v1


express-rate-limit@^6.8.1:
  version "6.8.1"
  resolved "https://registry.yarnpkg.com/express-rate-limit/-/express-rate-limit-6.8.1.tgz#f614bc3a7040fe6f75dc3198536f4cc13526f989"
  integrity sha512-xJyudsE60CsDShK74Ni1MxsldYaIoivmG3ieK2tAckMsYCBewEuGalss6p/jHmFFnqM9xd5ojE0W2VlanxcOKg==

wafjs@^1.0.3:
  version "1.0.3"
  resolved "https://registry.yarnpkg.com/wafjs/-/wafjs-1.0.3.tgz#39dbaa5c0785988953aff1fbcaa5351e77a1dfcc"
  integrity sha512-6Wi1nzgOKIOA1sD/JC9BCjc9YyJOrYNojSi2n9NoP14hZCFD57wZ+4acEzanQ8wz670FuAjDN8/ecrUdMP2vOA==
